
Microsoft Visual Studio Solution File, Format Version 12.00
# Visual Studio Version 16
VisualStudioVersion = 16.0.29924.181
MinimumVisualStudioVersion = 10.0.40219.1
Project("{9A19103F-16F7-4668-BE54-9A1E7A4F7556}") = "PRACT_OBS", "PRACT_OBS\PRACT_OBS.csproj", "{44EE3371-F579-4221-9420-07CBE4A8B79C}"
EndProject
Project("{930C7802-8A8C-48F9-8165-68863BCCD9DD}") = "Installer", "Installer\Installer.wixproj", "{0E6E9422-676F-4642-A6B2-898435587668}"
EndProject
Project("{9A19103F-16F7-4668-BE54-9A1E7A4F7556}") = "PRACT.Rekordbox6", "PRACT.Rekordbox6\PRACT.Rekordbox6.csproj", "{AB6BFE61-6D7D-4838-8833-AB54447FF76E}"
EndProject
Project("{FAE04EC0-301F-11D3-BF4B-00C04F79EFBC}") = "PRACT.Common", "PRACT.Common\PRACT.Common.csproj", "{4698EDAA-0FCC-420A-9CCA-BC280784A5A4}"
EndProject
Global
	GlobalSection(SolutionConfigurationPlatforms) = preSolution
		Debug|Any CPU = Debug|Any CPU
		Debug|x86 = Debug|x86
		Release|Any CPU = Release|Any CPU
		Release|x86 = Release|x86
	EndGlobalSection
	GlobalSection(ProjectConfigurationPlatforms) = postSolution
		{44EE3371-F579-4221-9420-07CBE4A8B79C}.Debug|Any CPU.ActiveCfg = Debug|Any CPU
		{44EE3371-F579-4221-9420-07CBE4A8B79C}.Debug|Any CPU.Build.0 = Debug|Any CPU
		{44EE3371-F579-4221-9420-07CBE4A8B79C}.Debug|x86.ActiveCfg = Debug|Any CPU
		{44EE3371-F579-4221-9420-07CBE4A8B79C}.Debug|x86.Build.0 = Debug|Any CPU
		{44EE3371-F579-4221-9420-07CBE4A8B79C}.Release|Any CPU.ActiveCfg = Release|Any CPU
		{44EE3371-F579-4221-9420-07CBE4A8B79C}.Release|Any CPU.Build.0 = Release|Any CPU
		{44EE3371-F579-4221-9420-07CBE4A8B79C}.Release|x86.ActiveCfg = Release|Any CPU
		{44EE3371-F579-4221-9420-07CBE4A8B79C}.Release|x86.Build.0 = Release|Any CPU
		{0E6E9422-676F-4642-A6B2-898435587668}.Debug|Any CPU.ActiveCfg = Debug|x86
		{0E6E9422-676F-4642-A6B2-898435587668}.Debug|x86.ActiveCfg = Debug|x86
		{0E6E9422-676F-4642-A6B2-898435587668}.Debug|x86.Build.0 = Debug|x86
		{0E6E9422-676F-4642-A6B2-898435587668}.Release|Any CPU.ActiveCfg = Release|x86
		{0E6E9422-676F-4642-A6B2-898435587668}.Release|x86.ActiveCfg = Release|x86
		{0E6E9422-676F-4642-A6B2-898435587668}.Release|x86.Build.0 = Release|x86
		{AB6BFE61-6D7D-4838-8833-AB54447FF76E}.Debug|Any CPU.ActiveCfg = Debug|Any CPU
		{AB6BFE61-6D7D-4838-8833-AB54447FF76E}.Debug|Any CPU.Build.0 = Debug|Any CPU
		{AB6BFE61-6D7D-4838-8833-AB54447FF76E}.Debug|x86.ActiveCfg = Debug|Any CPU
		{AB6BFE61-6D7D-4838-8833-AB54447FF76E}.Debug|x86.Build.0 = Debug|Any CPU
		{AB6BFE61-6D7D-4838-8833-AB54447FF76E}.Release|Any CPU.ActiveCfg = Release|Any CPU
		{AB6BFE61-6D7D-4838-8833-AB54447FF76E}.Release|Any CPU.Build.0 = Release|Any CPU
		{AB6BFE61-6D7D-4838-8833-AB54447FF76E}.Release|x86.ActiveCfg = Release|Any CPU
		{AB6BFE61-6D7D-4838-8833-AB54447FF76E}.Release|x86.Build.0 = Release|Any CPU
		{4698EDAA-0FCC-420A-9CCA-BC280784A5A4}.Debug|Any CPU.ActiveCfg = Debug|Any CPU
		{4698EDAA-0FCC-420A-9CCA-BC280784A5A4}.Debug|Any CPU.Build.0 = Debug|Any CPU
		{4698EDAA-0FCC-420A-9CCA-BC280784A5A4}.Debug|x86.ActiveCfg = Debug|Any CPU
		{4698EDAA-0FCC-420A-9CCA-BC280784A5A4}.Debug|x86.Build.0 = Debug|Any CPU
		{4698EDAA-0FCC-420A-9CCA-BC280784A5A4}.Release|Any CPU.ActiveCfg = Release|Any CPU
		{4698EDAA-0FCC-420A-9CCA-BC280784A5A4}.Release|Any CPU.Build.0 = Release|Any CPU
		{4698EDAA-0FCC-420A-9CCA-BC280784A5A4}.Release|x86.ActiveCfg = Release|Any CPU
		{4698EDAA-0FCC-420A-9CCA-BC280784A5A4}.Release|x86.Build.0 = Release|Any CPU
	EndGlobalSection
	GlobalSection(SolutionProperties) = preSolution
		HideSolutionNode = FALSE
	EndGlobalSection
	GlobalSection(ExtensibilityGlobals) = postSolution
		SolutionGuid = {D636F399-D54B-4E0B-BE26-196109E3AE86}
	EndGlobalSection
EndGlobal
