
Microsoft Visual Studio Solution File, Format Version 12.00
# Visual Studio Version 16
VisualStudioVersion = 16.0.29924.181
MinimumVisualStudioVersion = 10.0.40219.1
Project("{9A19103F-16F7-4668-BE54-9A1E7A4F7556}") = "PRACT_OBS", "PRACT_OBS\PRACT_OBS.csproj", "{44EE3371-F579-4221-9420-07CBE4A8B79C}"
EndProject
Global
	GlobalSection(SolutionConfigurationPlatforms) = preSolution
		Debug|Any CPU = Debug|Any CPU
		Release|Any CPU = Release|Any CPU
	EndGlobalSection
	GlobalSection(ProjectConfigurationPlatforms) = postSolution
		{44EE3371-F579-4221-9420-07CBE4A8B79C}.Debug|Any CPU.ActiveCfg = Debug|Any CPU
		{44EE3371-F579-4221-9420-07CBE4A8B79C}.Debug|Any CPU.Build.0 = Debug|Any CPU
		{44EE3371-F579-4221-9420-07CBE4A8B79C}.Release|Any CPU.ActiveCfg = Release|Any CPU
		{44EE3371-F579-4221-9420-07CBE4A8B79C}.Release|Any CPU.Build.0 = Release|Any CPU
	EndGlobalSection
	GlobalSection(SolutionProperties) = preSolution
		HideSolutionNode = FALSE
	EndGlobalSection
	GlobalSection(ExtensibilityGlobals) = postSolution
		SolutionGuid = {D636F399-D54B-4E0B-BE26-196109E3AE86}
	EndGlobalSection
EndGlobal
